// !$*UTF8*$!
{
	archiveVersion = 1;
	classes = {
	};
	objectVersion = 50;
	objects = {

/* Begin PBXBuildFile section */
		7FFBAF3A219DD3C200F0FCB8 /* AppDelegate.swift in Sources */ = {isa = PBXBuildFile; fileRef = 7FFBAF39219DD3C200F0FCB8 /* AppDelegate.swift */; };
		7FFBAF3C219DD3C200F0FCB8 /* ViewController.swift in Sources */ = {isa = PBXBuildFile; fileRef = 7FFBAF3B219DD3C200F0FCB8 /* ViewController.swift */; };
		7FFBAF3F219DD3C200F0FCB8 /* Main.storyboard in Resources */ = {isa = PBXBuildFile; fileRef = 7FFBAF3D219DD3C200F0FCB8 /* Main.storyboard */; };
		7FFBAF42219DD3C200F0FCB8 /* iRoverShots.xcdatamodeld in Sources */ = {isa = PBXBuildFile; fileRef = 7FFBAF40219DD3C200F0FCB8 /* iRoverShots.xcdatamodeld */; };
		7FFBAF44219DD3C600F0FCB8 /* Assets.xcassets in Resources */ = {isa = PBXBuildFile; fileRef = 7FFBAF43219DD3C600F0FCB8 /* Assets.xcassets */; };
		7FFBAF47219DD3C600F0FCB8 /* LaunchScreen.storyboard in Resources */ = {isa = PBXBuildFile; fileRef = 7FFBAF45219DD3C600F0FCB8 /* LaunchScreen.storyboard */; };
		7FFBAF52219DD3C700F0FCB8 /* iRoverShotsTests.swift in Sources */ = {isa = PBXBuildFile; fileRef = 7FFBAF51219DD3C700F0FCB8 /* iRoverShotsTests.swift */; };
		7FFBAF5D219DD3C700F0FCB8 /* iRoverShotsUITests.swift in Sources */ = {isa = PBXBuildFile; fileRef = 7FFBAF5C219DD3C700F0FCB8 /* iRoverShotsUITests.swift */; };
		7FFBAF70219DD47E00F0FCB8 /* NasaApi.swift in Sources */ = {isa = PBXBuildFile; fileRef = 7FFBAF6F219DD47E00F0FCB8 /* NasaApi.swift */; };
		7FFBAF73219DD55100F0FCB8 /* Photo.swift in Sources */ = {isa = PBXBuildFile; fileRef = 7FFBAF72219DD55100F0FCB8 /* Photo.swift */; };
		7FFBAF75219DD56800F0FCB8 /* Rover.swift in Sources */ = {isa = PBXBuildFile; fileRef = 7FFBAF74219DD56800F0FCB8 /* Rover.swift */; };
		7FFBAF77219DD58200F0FCB8 /* Camera.swift in Sources */ = {isa = PBXBuildFile; fileRef = 7FFBAF76219DD58200F0FCB8 /* Camera.swift */; };
		7FFBAF79219DD5D700F0FCB8 /* RoverEyesViewController.swift in Sources */ = {isa = PBXBuildFile; fileRef = 7FFBAF78219DD5D700F0FCB8 /* RoverEyesViewController.swift */; };
		7FFBAF7B219DD62D00F0FCB8 /* AboutPhotoViewController.swift in Sources */ = {isa = PBXBuildFile; fileRef = 7FFBAF7A219DD62D00F0FCB8 /* AboutPhotoViewController.swift */; };
		7FFBAFCA219DD7AE00F0FCB8 /* SwiftyJSON.framework in Frameworks */ = {isa = PBXBuildFile; fileRef = 7FFBAFBD219DD79E00F0FCB8 /* SwiftyJSON.framework */; };
		7FFBAFCB219DD7AE00F0FCB8 /* SwiftyJSON.framework in Embed Frameworks */ = {isa = PBXBuildFile; fileRef = 7FFBAFBD219DD79E00F0FCB8 /* SwiftyJSON.framework */; settings = {ATTRIBUTES = (CodeSignOnCopy, RemoveHeadersOnCopy, ); }; };
		7FFBAFCE219DD7AE00F0FCB8 /* AlamofireImage.framework in Frameworks */ = {isa = PBXBuildFile; fileRef = 7FFBAFA2219DD79600F0FCB8 /* AlamofireImage.framework */; };
		7FFBAFCF219DD7AE00F0FCB8 /* AlamofireImage.framework in Embed Frameworks */ = {isa = PBXBuildFile; fileRef = 7FFBAFA2219DD79600F0FCB8 /* AlamofireImage.framework */; settings = {ATTRIBUTES = (CodeSignOnCopy, RemoveHeadersOnCopy, ); }; };
		7FFBAFD2219DD7AE00F0FCB8 /* Alamofire.framework in Frameworks */ = {isa = PBXBuildFile; fileRef = 7FFBAF88219DD78F00F0FCB8 /* Alamofire.framework */; };
		7FFBAFD3219DD7AE00F0FCB8 /* Alamofire.framework in Embed Frameworks */ = {isa = PBXBuildFile; fileRef = 7FFBAF88219DD78F00F0FCB8 /* Alamofire.framework */; settings = {ATTRIBUTES = (CodeSignOnCopy, RemoveHeadersOnCopy, ); }; };
/* End PBXBuildFile section */

/* Begin PBXContainerItemProxy section */
		7FFBAF4E219DD3C700F0FCB8 /* PBXContainerItemProxy */ = {
			isa = PBXContainerItemProxy;
			containerPortal = 7FFBAF2E219DD3C200F0FCB8 /* Project object */;
			proxyType = 1;
			remoteGlobalIDString = 7FFBAF35219DD3C200F0FCB8;
			remoteInfo = iRoverShots;
		};
		7FFBAF59219DD3C700F0FCB8 /* PBXContainerItemProxy */ = {
			isa = PBXContainerItemProxy;
			containerPortal = 7FFBAF2E219DD3C200F0FCB8 /* Project object */;
			proxyType = 1;
			remoteGlobalIDString = 7FFBAF35219DD3C200F0FCB8;
			remoteInfo = iRoverShots;
		};
		7FFBAF87219DD78F00F0FCB8 /* PBXContainerItemProxy */ = {
			isa = PBXContainerItemProxy;
			containerPortal = 7FFBAF7C219DD78F00F0FCB8 /* Alamofire.xcodeproj */;
			proxyType = 2;
			remoteGlobalIDString = F8111E3319A95C8B0040E7D1;
			remoteInfo = "Alamofire iOS";
		};
		7FFBAF89219DD78F00F0FCB8 /* PBXContainerItemProxy */ = {
			isa = PBXContainerItemProxy;
			containerPortal = 7FFBAF7C219DD78F00F0FCB8 /* Alamofire.xcodeproj */;
			proxyType = 2;
			remoteGlobalIDString = F8111E3E19A95C8B0040E7D1;
			remoteInfo = "Alamofire iOS Tests";
		};
		7FFBAF8B219DD78F00F0FCB8 /* PBXContainerItemProxy */ = {
			isa = PBXContainerItemProxy;
			containerPortal = 7FFBAF7C219DD78F00F0FCB8 /* Alamofire.xcodeproj */;
			proxyType = 2;
			remoteGlobalIDString = 4DD67C0B1A5C55C900ED2280;
			remoteInfo = "Alamofire macOS";
		};
		7FFBAF8D219DD78F00F0FCB8 /* PBXContainerItemProxy */ = {
			isa = PBXContainerItemProxy;
			containerPortal = 7FFBAF7C219DD78F00F0FCB8 /* Alamofire.xcodeproj */;
			proxyType = 2;
			remoteGlobalIDString = F829C6B21A7A94F100A2CD59;
			remoteInfo = "Alamofire macOS Tests";
		};
		7FFBAF8F219DD78F00F0FCB8 /* PBXContainerItemProxy */ = {
			isa = PBXContainerItemProxy;
			containerPortal = 7FFBAF7C219DD78F00F0FCB8 /* Alamofire.xcodeproj */;
			proxyType = 2;
			remoteGlobalIDString = 4CF626EF1BA7CB3E0011A099;
			remoteInfo = "Alamofire tvOS";
		};
		7FFBAF91219DD78F00F0FCB8 /* PBXContainerItemProxy */ = {
			isa = PBXContainerItemProxy;
			containerPortal = 7FFBAF7C219DD78F00F0FCB8 /* Alamofire.xcodeproj */;
			proxyType = 2;
			remoteGlobalIDString = 4CF626F81BA7CB3E0011A099;
			remoteInfo = "Alamofire tvOS Tests";
		};
		7FFBAF93219DD78F00F0FCB8 /* PBXContainerItemProxy */ = {
			isa = PBXContainerItemProxy;
			containerPortal = 7FFBAF7C219DD78F00F0FCB8 /* Alamofire.xcodeproj */;
			proxyType = 2;
			remoteGlobalIDString = E4202FE01B667AA100C997FB;
			remoteInfo = "Alamofire watchOS";
		};
		7FFBAFA1219DD79600F0FCB8 /* PBXContainerItemProxy */ = {
			isa = PBXContainerItemProxy;
			containerPortal = 7FFBAF95219DD79600F0FCB8 /* AlamofireImage.xcodeproj */;
			proxyType = 2;
			remoteGlobalIDString = 4C9043771AABBFC5001B4E60;
			remoteInfo = "AlamofireImage iOS";
		};
		7FFBAFA3219DD79600F0FCB8 /* PBXContainerItemProxy */ = {
			isa = PBXContainerItemProxy;
			containerPortal = 7FFBAF95219DD79600F0FCB8 /* AlamofireImage.xcodeproj */;
			proxyType = 2;
			remoteGlobalIDString = 4C9043821AABBFC5001B4E60;
			remoteInfo = "AlamofireImage iOS Tests";
		};
		7FFBAFA5219DD79600F0FCB8 /* PBXContainerItemProxy */ = {
			isa = PBXContainerItemProxy;
			containerPortal = 7FFBAF95219DD79600F0FCB8 /* AlamofireImage.xcodeproj */;
			proxyType = 2;
			remoteGlobalIDString = 4CE611321AABC24E00D35044;
			remoteInfo = "AlamofireImage macOS";
		};
		7FFBAFA7219DD79600F0FCB8 /* PBXContainerItemProxy */ = {
			isa = PBXContainerItemProxy;
			containerPortal = 7FFBAF95219DD79600F0FCB8 /* AlamofireImage.xcodeproj */;
			proxyType = 2;
			remoteGlobalIDString = 4CE611471AABC5C900D35044;
			remoteInfo = "AlamofireImage macOS Tests";
		};
		7FFBAFA9219DD79600F0FCB8 /* PBXContainerItemProxy */ = {
			isa = PBXContainerItemProxy;
			containerPortal = 7FFBAF95219DD79600F0FCB8 /* AlamofireImage.xcodeproj */;
			proxyType = 2;
			remoteGlobalIDString = 4C16B37D1BA9399500A66EF0;
			remoteInfo = "AlamofireImage tvOS";
		};
		7FFBAFAB219DD79600F0FCB8 /* PBXContainerItemProxy */ = {
			isa = PBXContainerItemProxy;
			containerPortal = 7FFBAF95219DD79600F0FCB8 /* AlamofireImage.xcodeproj */;
			proxyType = 2;
			remoteGlobalIDString = 4C16B3861BA9399500A66EF0;
			remoteInfo = "AlamofireImage tvOS Tests";
		};
		7FFBAFAD219DD79600F0FCB8 /* PBXContainerItemProxy */ = {
			isa = PBXContainerItemProxy;
			containerPortal = 7FFBAF95219DD79600F0FCB8 /* AlamofireImage.xcodeproj */;
			proxyType = 2;
			remoteGlobalIDString = 4C4D4EC11B92976900C96855;
			remoteInfo = "AlamofireImage watchOS";
		};
		7FFBAFAF219DD79600F0FCB8 /* PBXContainerItemProxy */ = {
			isa = PBXContainerItemProxy;
			containerPortal = 7FFBAF95219DD79600F0FCB8 /* AlamofireImage.xcodeproj */;
			proxyType = 2;
			remoteGlobalIDString = 4C11830B2150517E007A8298;
			remoteInfo = "iOS Example";
		};
		7FFBAFBC219DD79E00F0FCB8 /* PBXContainerItemProxy */ = {
			isa = PBXContainerItemProxy;
			containerPortal = 7FFBAFB1219DD79E00F0FCB8 /* SwiftyJSON.xcodeproj */;
			proxyType = 2;
			remoteGlobalIDString = 2E4FEFDB19575BE100351305;
			remoteInfo = "SwiftyJSON iOS";
		};
		7FFBAFBE219DD79E00F0FCB8 /* PBXContainerItemProxy */ = {
			isa = PBXContainerItemProxy;
			containerPortal = 7FFBAFB1219DD79E00F0FCB8 /* SwiftyJSON.xcodeproj */;
			proxyType = 2;
			remoteGlobalIDString = 2E4FEFE619575BE100351305;
			remoteInfo = "SwiftyJSON iOS Tests";
		};
		7FFBAFC0219DD79E00F0FCB8 /* PBXContainerItemProxy */ = {
			isa = PBXContainerItemProxy;
			containerPortal = 7FFBAFB1219DD79E00F0FCB8 /* SwiftyJSON.xcodeproj */;
			proxyType = 2;
			remoteGlobalIDString = 9C7DFC5B1A9102BD005AA3F7;
			remoteInfo = "SwiftyJSON macOS";
		};
		7FFBAFC2219DD79E00F0FCB8 /* PBXContainerItemProxy */ = {
			isa = PBXContainerItemProxy;
			containerPortal = 7FFBAFB1219DD79E00F0FCB8 /* SwiftyJSON.xcodeproj */;
			proxyType = 2;
			remoteGlobalIDString = 9C7DFC651A9102BD005AA3F7;
			remoteInfo = "SwiftyJSON macOS Tests";
		};
		7FFBAFC4219DD79E00F0FCB8 /* PBXContainerItemProxy */ = {
			isa = PBXContainerItemProxy;
			containerPortal = 7FFBAFB1219DD79E00F0FCB8 /* SwiftyJSON.xcodeproj */;
			proxyType = 2;
			remoteGlobalIDString = E4D7CCE81B9465A700EE7221;
			remoteInfo = "SwiftyJSON watchOS";
		};
		7FFBAFC6219DD79E00F0FCB8 /* PBXContainerItemProxy */ = {
			isa = PBXContainerItemProxy;
			containerPortal = 7FFBAFB1219DD79E00F0FCB8 /* SwiftyJSON.xcodeproj */;
			proxyType = 2;
			remoteGlobalIDString = 7236B4F61BAC14150020529B;
			remoteInfo = "SwiftyJSON tvOS";
		};
		7FFBAFC8219DD79E00F0FCB8 /* PBXContainerItemProxy */ = {
			isa = PBXContainerItemProxy;
			containerPortal = 7FFBAFB1219DD79E00F0FCB8 /* SwiftyJSON.xcodeproj */;
			proxyType = 2;
			remoteGlobalIDString = A8580F741BCF5C5B00DA927B;
			remoteInfo = "SwiftyJSON tvOS Tests";
		};
		7FFBAFCC219DD7AE00F0FCB8 /* PBXContainerItemProxy */ = {
			isa = PBXContainerItemProxy;
			containerPortal = 7FFBAFB1219DD79E00F0FCB8 /* SwiftyJSON.xcodeproj */;
			proxyType = 1;
			remoteGlobalIDString = 2E4FEFDA19575BE100351305;
			remoteInfo = "SwiftyJSON iOS";
		};
		7FFBAFD0219DD7AE00F0FCB8 /* PBXContainerItemProxy */ = {
			isa = PBXContainerItemProxy;
			containerPortal = 7FFBAF95219DD79600F0FCB8 /* AlamofireImage.xcodeproj */;
			proxyType = 1;
			remoteGlobalIDString = 4C9043761AABBFC5001B4E60;
			remoteInfo = "AlamofireImage iOS";
		};
		7FFBAFD4219DD7AE00F0FCB8 /* PBXContainerItemProxy */ = {
			isa = PBXContainerItemProxy;
			containerPortal = 7FFBAF7C219DD78F00F0FCB8 /* Alamofire.xcodeproj */;
			proxyType = 1;
			remoteGlobalIDString = F8111E3219A95C8B0040E7D1;
			remoteInfo = "Alamofire iOS";
		};
/* End PBXContainerItemProxy section */

/* Begin PBXCopyFilesBuildPhase section */
		7FFBAFD6219DD7AE00F0FCB8 /* Embed Frameworks */ = {
			isa = PBXCopyFilesBuildPhase;
			buildActionMask = 2147483647;
			dstPath = "";
			dstSubfolderSpec = 10;
			files = (
				7FFBAFCB219DD7AE00F0FCB8 /* SwiftyJSON.framework in Embed Frameworks */,
				7FFBAFD3219DD7AE00F0FCB8 /* Alamofire.framework in Embed Frameworks */,
				7FFBAFCF219DD7AE00F0FCB8 /* AlamofireImage.framework in Embed Frameworks */,
			);
			name = "Embed Frameworks";
			runOnlyForDeploymentPostprocessing = 0;
		};
/* End PBXCopyFilesBuildPhase section */

/* Begin PBXFileReference section */
		7FFBAF36219DD3C200F0FCB8 /* iRoverShots.app */ = {isa = PBXFileReference; explicitFileType = wrapper.application; includeInIndex = 0; path = iRoverShots.app; sourceTree = BUILT_PRODUCTS_DIR; };
		7FFBAF39219DD3C200F0FCB8 /* AppDelegate.swift */ = {isa = PBXFileReference; lastKnownFileType = sourcecode.swift; path = AppDelegate.swift; sourceTree = "<group>"; };
		7FFBAF3B219DD3C200F0FCB8 /* ViewController.swift */ = {isa = PBXFileReference; lastKnownFileType = sourcecode.swift; path = ViewController.swift; sourceTree = "<group>"; };
		7FFBAF3E219DD3C200F0FCB8 /* Base */ = {isa = PBXFileReference; lastKnownFileType = file.storyboard; name = Base; path = Base.lproj/Main.storyboard; sourceTree = "<group>"; };
		7FFBAF41219DD3C200F0FCB8 /* iRoverShots.xcdatamodel */ = {isa = PBXFileReference; lastKnownFileType = wrapper.xcdatamodel; path = iRoverShots.xcdatamodel; sourceTree = "<group>"; };
		7FFBAF43219DD3C600F0FCB8 /* Assets.xcassets */ = {isa = PBXFileReference; lastKnownFileType = folder.assetcatalog; path = Assets.xcassets; sourceTree = "<group>"; };
		7FFBAF46219DD3C600F0FCB8 /* Base */ = {isa = PBXFileReference; lastKnownFileType = file.storyboard; name = Base; path = Base.lproj/LaunchScreen.storyboard; sourceTree = "<group>"; };
		7FFBAF48219DD3C700F0FCB8 /* Info.plist */ = {isa = PBXFileReference; lastKnownFileType = text.plist.xml; path = Info.plist; sourceTree = "<group>"; };
		7FFBAF4D219DD3C700F0FCB8 /* iRoverShotsTests.xctest */ = {isa = PBXFileReference; explicitFileType = wrapper.cfbundle; includeInIndex = 0; path = iRoverShotsTests.xctest; sourceTree = BUILT_PRODUCTS_DIR; };
		7FFBAF51219DD3C700F0FCB8 /* iRoverShotsTests.swift */ = {isa = PBXFileReference; lastKnownFileType = sourcecode.swift; path = iRoverShotsTests.swift; sourceTree = "<group>"; };
		7FFBAF53219DD3C700F0FCB8 /* Info.plist */ = {isa = PBXFileReference; lastKnownFileType = text.plist.xml; path = Info.plist; sourceTree = "<group>"; };
		7FFBAF58219DD3C700F0FCB8 /* iRoverShotsUITests.xctest */ = {isa = PBXFileReference; explicitFileType = wrapper.cfbundle; includeInIndex = 0; path = iRoverShotsUITests.xctest; sourceTree = BUILT_PRODUCTS_DIR; };
		7FFBAF5C219DD3C700F0FCB8 /* iRoverShotsUITests.swift */ = {isa = PBXFileReference; lastKnownFileType = sourcecode.swift; path = iRoverShotsUITests.swift; sourceTree = "<group>"; };
		7FFBAF5E219DD3C700F0FCB8 /* Info.plist */ = {isa = PBXFileReference; lastKnownFileType = text.plist.xml; path = Info.plist; sourceTree = "<group>"; };
		7FFBAF6F219DD47E00F0FCB8 /* NasaApi.swift */ = {isa = PBXFileReference; lastKnownFileType = sourcecode.swift; path = NasaApi.swift; sourceTree = "<group>"; };
		7FFBAF72219DD55100F0FCB8 /* Photo.swift */ = {isa = PBXFileReference; lastKnownFileType = sourcecode.swift; path = Photo.swift; sourceTree = "<group>"; };
		7FFBAF74219DD56800F0FCB8 /* Rover.swift */ = {isa = PBXFileReference; lastKnownFileType = sourcecode.swift; path = Rover.swift; sourceTree = "<group>"; };
		7FFBAF76219DD58200F0FCB8 /* Camera.swift */ = {isa = PBXFileReference; lastKnownFileType = sourcecode.swift; path = Camera.swift; sourceTree = "<group>"; };
		7FFBAF78219DD5D700F0FCB8 /* RoverEyesViewController.swift */ = {isa = PBXFileReference; lastKnownFileType = sourcecode.swift; path = RoverEyesViewController.swift; sourceTree = "<group>"; };
		7FFBAF7A219DD62D00F0FCB8 /* AboutPhotoViewController.swift */ = {isa = PBXFileReference; lastKnownFileType = sourcecode.swift; path = AboutPhotoViewController.swift; sourceTree = "<group>"; };
		7FFBAF7C219DD78F00F0FCB8 /* Alamofire.xcodeproj */ = {isa = PBXFileReference; lastKnownFileType = "wrapper.pb-project"; name = Alamofire.xcodeproj; path = Alamofire/Alamofire.xcodeproj; sourceTree = "<group>"; };
		7FFBAF95219DD79600F0FCB8 /* AlamofireImage.xcodeproj */ = {isa = PBXFileReference; lastKnownFileType = "wrapper.pb-project"; name = AlamofireImage.xcodeproj; path = AlamofireImage/AlamofireImage.xcodeproj; sourceTree = "<group>"; };
		7FFBAFB1219DD79E00F0FCB8 /* SwiftyJSON.xcodeproj */ = {isa = PBXFileReference; lastKnownFileType = "wrapper.pb-project"; name = SwiftyJSON.xcodeproj; path = SwiftyJSON/SwiftyJSON.xcodeproj; sourceTree = "<group>"; };
/* End PBXFileReference section */

/* Begin PBXFrameworksBuildPhase section */
		7FFBAF33219DD3C200F0FCB8 /* Frameworks */ = {
			isa = PBXFrameworksBuildPhase;
			buildActionMask = 2147483647;
			files = (
				7FFBAFCA219DD7AE00F0FCB8 /* SwiftyJSON.framework in Frameworks */,
				7FFBAFD2219DD7AE00F0FCB8 /* Alamofire.framework in Frameworks */,
				7FFBAFCE219DD7AE00F0FCB8 /* AlamofireImage.framework in Frameworks */,
			);
			runOnlyForDeploymentPostprocessing = 0;
		};
		7FFBAF4A219DD3C700F0FCB8 /* Frameworks */ = {
			isa = PBXFrameworksBuildPhase;
			buildActionMask = 2147483647;
			files = (
			);
			runOnlyForDeploymentPostprocessing = 0;
		};
		7FFBAF55219DD3C700F0FCB8 /* Frameworks */ = {
			isa = PBXFrameworksBuildPhase;
			buildActionMask = 2147483647;
			files = (
			);
			runOnlyForDeploymentPostprocessing = 0;
		};
/* End PBXFrameworksBuildPhase section */

/* Begin PBXGroup section */
		7FFBAF2D219DD3C200F0FCB8 = {
			isa = PBXGroup;
			children = (
				7FFBAFB1219DD79E00F0FCB8 /* SwiftyJSON.xcodeproj */,
				7FFBAF95219DD79600F0FCB8 /* AlamofireImage.xcodeproj */,
				7FFBAF7C219DD78F00F0FCB8 /* Alamofire.xcodeproj */,
				7FFBAF38219DD3C200F0FCB8 /* iRoverShots */,
				7FFBAF50219DD3C700F0FCB8 /* iRoverShotsTests */,
				7FFBAF5B219DD3C700F0FCB8 /* iRoverShotsUITests */,
				7FFBAF37219DD3C200F0FCB8 /* Products */,
			);
			sourceTree = "<group>";
		};
		7FFBAF37219DD3C200F0FCB8 /* Products */ = {
			isa = PBXGroup;
			children = (
				7FFBAF36219DD3C200F0FCB8 /* iRoverShots.app */,
				7FFBAF4D219DD3C700F0FCB8 /* iRoverShotsTests.xctest */,
				7FFBAF58219DD3C700F0FCB8 /* iRoverShotsUITests.xctest */,
			);
			name = Products;
			sourceTree = "<group>";
		};
		7FFBAF38219DD3C200F0FCB8 /* iRoverShots */ = {
			isa = PBXGroup;
			children = (
				7FFBAF6E219DD42F00F0FCB8 /* Resources */,
				7FFBAF6D219DD42500F0FCB8 /* Networks */,
				7FFBAF6C219DD41C00F0FCB8 /* ViewControllers */,
				7FFBAF6B219DD40800F0FCB8 /* Models */,
				7FFBAF6A219DD3ED00F0FCB8 /* Main */,
				7FFBAF48219DD3C700F0FCB8 /* Info.plist */,
				7FFBAF40219DD3C200F0FCB8 /* iRoverShots.xcdatamodeld */,
			);
			path = iRoverShots;
			sourceTree = "<group>";
		};
		7FFBAF50219DD3C700F0FCB8 /* iRoverShotsTests */ = {
			isa = PBXGroup;
			children = (
				7FFBAF51219DD3C700F0FCB8 /* iRoverShotsTests.swift */,
				7FFBAF53219DD3C700F0FCB8 /* Info.plist */,
			);
			path = iRoverShotsTests;
			sourceTree = "<group>";
		};
		7FFBAF5B219DD3C700F0FCB8 /* iRoverShotsUITests */ = {
			isa = PBXGroup;
			children = (
				7FFBAF5C219DD3C700F0FCB8 /* iRoverShotsUITests.swift */,
				7FFBAF5E219DD3C700F0FCB8 /* Info.plist */,
			);
			path = iRoverShotsUITests;
			sourceTree = "<group>";
		};
		7FFBAF6A219DD3ED00F0FCB8 /* Main */ = {
			isa = PBXGroup;
			children = (
				7FFBAF39219DD3C200F0FCB8 /* AppDelegate.swift */,
			);
			path = Main;
			sourceTree = "<group>";
		};
		7FFBAF6B219DD40800F0FCB8 /* Models */ = {
			isa = PBXGroup;
			children = (
				7FFBAF72219DD55100F0FCB8 /* Photo.swift */,
				7FFBAF74219DD56800F0FCB8 /* Rover.swift */,
				7FFBAF76219DD58200F0FCB8 /* Camera.swift */,
			);
			path = Models;
			sourceTree = "<group>";
		};
		7FFBAF6C219DD41C00F0FCB8 /* ViewControllers */ = {
			isa = PBXGroup;
			children = (
				7FFBAF3B219DD3C200F0FCB8 /* ViewController.swift */,
				7FFBAF78219DD5D700F0FCB8 /* RoverEyesViewController.swift */,
				7FFBAF7A219DD62D00F0FCB8 /* AboutPhotoViewController.swift */,
			);
			path = ViewControllers;
			sourceTree = "<group>";
		};
		7FFBAF6D219DD42500F0FCB8 /* Networks */ = {
			isa = PBXGroup;
			children = (
				7FFBAF6F219DD47E00F0FCB8 /* NasaApi.swift */,
			);
			path = Networks;
			sourceTree = "<group>";
		};
		7FFBAF6E219DD42F00F0FCB8 /* Resources */ = {
			isa = PBXGroup;
			children = (
				7FFBAF3D219DD3C200F0FCB8 /* Main.storyboard */,
				7FFBAF43219DD3C600F0FCB8 /* Assets.xcassets */,
				7FFBAF45219DD3C600F0FCB8 /* LaunchScreen.storyboard */,
			);
			path = Resources;
			sourceTree = "<group>";
		};
		7FFBAF7D219DD78F00F0FCB8 /* Products */ = {
			isa = PBXGroup;
			children = (
				7FFBAF88219DD78F00F0FCB8 /* Alamofire.framework */,
				7FFBAF8A219DD78F00F0FCB8 /* Alamofire iOS Tests.xctest */,
				7FFBAF8C219DD78F00F0FCB8 /* Alamofire.framework */,
				7FFBAF8E219DD78F00F0FCB8 /* Alamofire macOS Tests.xctest */,
				7FFBAF90219DD78F00F0FCB8 /* Alamofire.framework */,
				7FFBAF92219DD78F00F0FCB8 /* Alamofire tvOS Tests.xctest */,
				7FFBAF94219DD78F00F0FCB8 /* Alamofire.framework */,
			);
			name = Products;
			sourceTree = "<group>";
		};
		7FFBAF96219DD79600F0FCB8 /* Products */ = {
			isa = PBXGroup;
			children = (
				7FFBAFA2219DD79600F0FCB8 /* AlamofireImage.framework */,
				7FFBAFA4219DD79600F0FCB8 /* AlamofireImage iOS Tests.xctest */,
				7FFBAFA6219DD79600F0FCB8 /* AlamofireImage.framework */,
				7FFBAFA8219DD79600F0FCB8 /* AlamofireImage macOS Tests.xctest */,
				7FFBAFAA219DD79600F0FCB8 /* AlamofireImage.framework */,
				7FFBAFAC219DD79600F0FCB8 /* AlamofireImage tvOS Tests.xctest */,
				7FFBAFAE219DD79600F0FCB8 /* AlamofireImage.framework */,
				7FFBAFB0219DD79600F0FCB8 /* iOS Example.app */,
			);
			name = Products;
			sourceTree = "<group>";
		};
		7FFBAFB2219DD79E00F0FCB8 /* Products */ = {
			isa = PBXGroup;
			children = (
				7FFBAFBD219DD79E00F0FCB8 /* SwiftyJSON.framework */,
				7FFBAFBF219DD79E00F0FCB8 /* SwiftyJSON iOS Tests.xctest */,
				7FFBAFC1219DD79E00F0FCB8 /* SwiftyJSON.framework */,
				7FFBAFC3219DD79E00F0FCB8 /* SwiftyJSON macOS Tests.xctest */,
				7FFBAFC5219DD79E00F0FCB8 /* SwiftyJSON.framework */,
				7FFBAFC7219DD79E00F0FCB8 /* SwiftyJSON.framework */,
				7FFBAFC9219DD79E00F0FCB8 /* SwiftyJSON tvOS Tests.xctest */,
			);
			name = Products;
			sourceTree = "<group>";
		};
/* End PBXGroup section */

/* Begin PBXNativeTarget section */
		7FFBAF35219DD3C200F0FCB8 /* iRoverShots */ = {
			isa = PBXNativeTarget;
			buildConfigurationList = 7FFBAF61219DD3C700F0FCB8 /* Build configuration list for PBXNativeTarget "iRoverShots" */;
			buildPhases = (
				7FFBAF32219DD3C200F0FCB8 /* Sources */,
				7FFBAF33219DD3C200F0FCB8 /* Frameworks */,
				7FFBAF34219DD3C200F0FCB8 /* Resources */,
				7FFBAFD6219DD7AE00F0FCB8 /* Embed Frameworks */,
			);
			buildRules = (
			);
			dependencies = (
				7FFBAFCD219DD7AE00F0FCB8 /* PBXTargetDependency */,
				7FFBAFD1219DD7AE00F0FCB8 /* PBXTargetDependency */,
				7FFBAFD5219DD7AE00F0FCB8 /* PBXTargetDependency */,
			);
			name = iRoverShots;
			productName = iRoverShots;
			productReference = 7FFBAF36219DD3C200F0FCB8 /* iRoverShots.app */;
			productType = "com.apple.product-type.application";
		};
		7FFBAF4C219DD3C700F0FCB8 /* iRoverShotsTests */ = {
			isa = PBXNativeTarget;
			buildConfigurationList = 7FFBAF64219DD3C700F0FCB8 /* Build configuration list for PBXNativeTarget "iRoverShotsTests" */;
			buildPhases = (
				7FFBAF49219DD3C700F0FCB8 /* Sources */,
				7FFBAF4A219DD3C700F0FCB8 /* Frameworks */,
				7FFBAF4B219DD3C700F0FCB8 /* Resources */,
			);
			buildRules = (
			);
			dependencies = (
				7FFBAF4F219DD3C700F0FCB8 /* PBXTargetDependency */,
			);
			name = iRoverShotsTests;
			productName = iRoverShotsTests;
			productReference = 7FFBAF4D219DD3C700F0FCB8 /* iRoverShotsTests.xctest */;
			productType = "com.apple.product-type.bundle.unit-test";
		};
		7FFBAF57219DD3C700F0FCB8 /* iRoverShotsUITests */ = {
			isa = PBXNativeTarget;
			buildConfigurationList = 7FFBAF67219DD3C700F0FCB8 /* Build configuration list for PBXNativeTarget "iRoverShotsUITests" */;
			buildPhases = (
				7FFBAF54219DD3C700F0FCB8 /* Sources */,
				7FFBAF55219DD3C700F0FCB8 /* Frameworks */,
				7FFBAF56219DD3C700F0FCB8 /* Resources */,
			);
			buildRules = (
			);
			dependencies = (
				7FFBAF5A219DD3C700F0FCB8 /* PBXTargetDependency */,
			);
			name = iRoverShotsUITests;
			productName = iRoverShotsUITests;
			productReference = 7FFBAF58219DD3C700F0FCB8 /* iRoverShotsUITests.xctest */;
			productType = "com.apple.product-type.bundle.ui-testing";
		};
/* End PBXNativeTarget section */

/* Begin PBXProject section */
		7FFBAF2E219DD3C200F0FCB8 /* Project object */ = {
			isa = PBXProject;
			attributes = {
				LastSwiftUpdateCheck = 1010;
				LastUpgradeCheck = 1010;
				ORGANIZATIONNAME = upc;
				TargetAttributes = {
					7FFBAF35219DD3C200F0FCB8 = {
						CreatedOnToolsVersion = 10.1;
					};
					7FFBAF4C219DD3C700F0FCB8 = {
						CreatedOnToolsVersion = 10.1;
						TestTargetID = 7FFBAF35219DD3C200F0FCB8;
					};
					7FFBAF57219DD3C700F0FCB8 = {
						CreatedOnToolsVersion = 10.1;
						TestTargetID = 7FFBAF35219DD3C200F0FCB8;
					};
				};
			};
			buildConfigurationList = 7FFBAF31219DD3C200F0FCB8 /* Build configuration list for PBXProject "iRoverShots" */;
			compatibilityVersion = "Xcode 9.3";
			developmentRegion = en;
			hasScannedForEncodings = 0;
			knownRegions = (
				en,
				Base,
			);
			mainGroup = 7FFBAF2D219DD3C200F0FCB8;
			productRefGroup = 7FFBAF37219DD3C200F0FCB8 /* Products */;
			projectDirPath = "";
			projectReferences = (
				{
					ProductGroup = 7FFBAF7D219DD78F00F0FCB8 /* Products */;
					ProjectRef = 7FFBAF7C219DD78F00F0FCB8 /* Alamofire.xcodeproj */;
				},
				{
					ProductGroup = 7FFBAF96219DD79600F0FCB8 /* Products */;
					ProjectRef = 7FFBAF95219DD79600F0FCB8 /* AlamofireImage.xcodeproj */;
				},
				{
					ProductGroup = 7FFBAFB2219DD79E00F0FCB8 /* Products */;
					ProjectRef = 7FFBAFB1219DD79E00F0FCB8 /* SwiftyJSON.xcodeproj */;
				},
			);
			projectRoot = "";
			targets = (
				7FFBAF35219DD3C200F0FCB8 /* iRoverShots */,
				7FFBAF4C219DD3C700F0FCB8 /* iRoverShotsTests */,
				7FFBAF57219DD3C700F0FCB8 /* iRoverShotsUITests */,
			);
		};
/* End PBXProject section */

/* Begin PBXReferenceProxy section */
		7FFBAF88219DD78F00F0FCB8 /* Alamofire.framework */ = {
			isa = PBXReferenceProxy;
			fileType = wrapper.framework;
			path = Alamofire.framework;
			remoteRef = 7FFBAF87219DD78F00F0FCB8 /* PBXContainerItemProxy */;
			sourceTree = BUILT_PRODUCTS_DIR;
		};
		7FFBAF8A219DD78F00F0FCB8 /* Alamofire iOS Tests.xctest */ = {
			isa = PBXReferenceProxy;
			fileType = wrapper.cfbundle;
			path = "Alamofire iOS Tests.xctest";
			remoteRef = 7FFBAF89219DD78F00F0FCB8 /* PBXContainerItemProxy */;
			sourceTree = BUILT_PRODUCTS_DIR;
		};
		7FFBAF8C219DD78F00F0FCB8 /* Alamofire.framework */ = {
			isa = PBXReferenceProxy;
			fileType = wrapper.framework;
			path = Alamofire.framework;
			remoteRef = 7FFBAF8B219DD78F00F0FCB8 /* PBXContainerItemProxy */;
			sourceTree = BUILT_PRODUCTS_DIR;
		};
		7FFBAF8E219DD78F00F0FCB8 /* Alamofire macOS Tests.xctest */ = {
			isa = PBXReferenceProxy;
			fileType = wrapper.cfbundle;
			path = "Alamofire macOS Tests.xctest";
			remoteRef = 7FFBAF8D219DD78F00F0FCB8 /* PBXContainerItemProxy */;
			sourceTree = BUILT_PRODUCTS_DIR;
		};
		7FFBAF90219DD78F00F0FCB8 /* Alamofire.framework */ = {
			isa = PBXReferenceProxy;
			fileType = wrapper.framework;
			path = Alamofire.framework;
			remoteRef = 7FFBAF8F219DD78F00F0FCB8 /* PBXContainerItemProxy */;
			sourceTree = BUILT_PRODUCTS_DIR;
		};
		7FFBAF92219DD78F00F0FCB8 /* Alamofire tvOS Tests.xctest */ = {
			isa = PBXReferenceProxy;
			fileType = wrapper.cfbundle;
			path = "Alamofire tvOS Tests.xctest";
			remoteRef = 7FFBAF91219DD78F00F0FCB8 /* PBXContainerItemProxy */;
			sourceTree = BUILT_PRODUCTS_DIR;
		};
		7FFBAF94219DD78F00F0FCB8 /* Alamofire.framework */ = {
			isa = PBXReferenceProxy;
			fileType = wrapper.framework;
			path = Alamofire.framework;
			remoteRef = 7FFBAF93219DD78F00F0FCB8 /* PBXContainerItemProxy */;
			sourceTree = BUILT_PRODUCTS_DIR;
		};
		7FFBAFA2219DD79600F0FCB8 /* AlamofireImage.framework */ = {
			isa = PBXReferenceProxy;
			fileType = wrapper.framework;
			path = AlamofireImage.framework;
			remoteRef = 7FFBAFA1219DD79600F0FCB8 /* PBXContainerItemProxy */;
			sourceTree = BUILT_PRODUCTS_DIR;
		};
		7FFBAFA4219DD79600F0FCB8 /* AlamofireImage iOS Tests.xctest */ = {
			isa = PBXReferenceProxy;
			fileType = wrapper.cfbundle;
			path = "AlamofireImage iOS Tests.xctest";
			remoteRef = 7FFBAFA3219DD79600F0FCB8 /* PBXContainerItemProxy */;
			sourceTree = BUILT_PRODUCTS_DIR;
		};
		7FFBAFA6219DD79600F0FCB8 /* AlamofireImage.framework */ = {
			isa = PBXReferenceProxy;
			fileType = wrapper.framework;
			path = AlamofireImage.framework;
			remoteRef = 7FFBAFA5219DD79600F0FCB8 /* PBXContainerItemProxy */;
			sourceTree = BUILT_PRODUCTS_DIR;
		};
		7FFBAFA8219DD79600F0FCB8 /* AlamofireImage macOS Tests.xctest */ = {
			isa = PBXReferenceProxy;
			fileType = wrapper.cfbundle;
			path = "AlamofireImage macOS Tests.xctest";
			remoteRef = 7FFBAFA7219DD79600F0FCB8 /* PBXContainerItemProxy */;
			sourceTree = BUILT_PRODUCTS_DIR;
		};
		7FFBAFAA219DD79600F0FCB8 /* AlamofireImage.framework */ = {
			isa = PBXReferenceProxy;
			fileType = wrapper.framework;
			path = AlamofireImage.framework;
			remoteRef = 7FFBAFA9219DD79600F0FCB8 /* PBXContainerItemProxy */;
			sourceTree = BUILT_PRODUCTS_DIR;
		};
		7FFBAFAC219DD79600F0FCB8 /* AlamofireImage tvOS Tests.xctest */ = {
			isa = PBXReferenceProxy;
			fileType = wrapper.cfbundle;
			path = "AlamofireImage tvOS Tests.xctest";
			remoteRef = 7FFBAFAB219DD79600F0FCB8 /* PBXContainerItemProxy */;
			sourceTree = BUILT_PRODUCTS_DIR;
		};
		7FFBAFAE219DD79600F0FCB8 /* AlamofireImage.framework */ = {
			isa = PBXReferenceProxy;
			fileType = wrapper.framework;
			path = AlamofireImage.framework;
			remoteRef = 7FFBAFAD219DD79600F0FCB8 /* PBXContainerItemProxy */;
			sourceTree = BUILT_PRODUCTS_DIR;
		};
		7FFBAFB0219DD79600F0FCB8 /* iOS Example.app */ = {
			isa = PBXReferenceProxy;
			fileType = wrapper.application;
			path = "iOS Example.app";
			remoteRef = 7FFBAFAF219DD79600F0FCB8 /* PBXContainerItemProxy */;
			sourceTree = BUILT_PRODUCTS_DIR;
		};
		7FFBAFBD219DD79E00F0FCB8 /* SwiftyJSON.framework */ = {
			isa = PBXReferenceProxy;
			fileType = wrapper.framework;
			path = SwiftyJSON.framework;
			remoteRef = 7FFBAFBC219DD79E00F0FCB8 /* PBXContainerItemProxy */;
			sourceTree = BUILT_PRODUCTS_DIR;
		};
		7FFBAFBF219DD79E00F0FCB8 /* SwiftyJSON iOS Tests.xctest */ = {
			isa = PBXReferenceProxy;
			fileType = wrapper.cfbundle;
			path = "SwiftyJSON iOS Tests.xctest";
			remoteRef = 7FFBAFBE219DD79E00F0FCB8 /* PBXContainerItemProxy */;
			sourceTree = BUILT_PRODUCTS_DIR;
		};
		7FFBAFC1219DD79E00F0FCB8 /* SwiftyJSON.framework */ = {
			isa = PBXReferenceProxy;
			fileType = wrapper.framework;
			path = SwiftyJSON.framework;
			remoteRef = 7FFBAFC0219DD79E00F0FCB8 /* PBXContainerItemProxy */;
			sourceTree = BUILT_PRODUCTS_DIR;
		};
		7FFBAFC3219DD79E00F0FCB8 /* SwiftyJSON macOS Tests.xctest */ = {
			isa = PBXReferenceProxy;
			fileType = wrapper.cfbundle;
			path = "SwiftyJSON macOS Tests.xctest";
			remoteRef = 7FFBAFC2219DD79E00F0FCB8 /* PBXContainerItemProxy */;
			sourceTree = BUILT_PRODUCTS_DIR;
		};
		7FFBAFC5219DD79E00F0FCB8 /* SwiftyJSON.framework */ = {
			isa = PBXReferenceProxy;
			fileType = wrapper.framework;
			path = SwiftyJSON.framework;
			remoteRef = 7FFBAFC4219DD79E00F0FCB8 /* PBXContainerItemProxy */;
			sourceTree = BUILT_PRODUCTS_DIR;
		};
		7FFBAFC7219DD79E00F0FCB8 /* SwiftyJSON.framework */ = {
			isa = PBXReferenceProxy;
			fileType = wrapper.framework;
			path = SwiftyJSON.framework;
			remoteRef = 7FFBAFC6219DD79E00F0FCB8 /* PBXContainerItemProxy */;
			sourceTree = BUILT_PRODUCTS_DIR;
		};
		7FFBAFC9219DD79E00F0FCB8 /* SwiftyJSON tvOS Tests.xctest */ = {
			isa = PBXReferenceProxy;
			fileType = wrapper.cfbundle;
			path = "SwiftyJSON tvOS Tests.xctest";
			remoteRef = 7FFBAFC8219DD79E00F0FCB8 /* PBXContainerItemProxy */;
			sourceTree = BUILT_PRODUCTS_DIR;
		};
/* End PBXReferenceProxy section */

/* Begin PBXResourcesBuildPhase section */
		7FFBAF34219DD3C200F0FCB8 /* Resources */ = {
			isa = PBXResourcesBuildPhase;
			buildActionMask = 2147483647;
			files = (
				7FFBAF47219DD3C600F0FCB8 /* LaunchScreen.storyboard in Resources */,
				7FFBAF44219DD3C600F0FCB8 /* Assets.xcassets in Resources */,
				7FFBAF3F219DD3C200F0FCB8 /* Main.storyboard in Resources */,
			);
			runOnlyForDeploymentPostprocessing = 0;
		};
		7FFBAF4B219DD3C700F0FCB8 /* Resources */ = {
			isa = PBXResourcesBuildPhase;
			buildActionMask = 2147483647;
			files = (
			);
			runOnlyForDeploymentPostprocessing = 0;
		};
		7FFBAF56219DD3C700F0FCB8 /* Resources */ = {
			isa = PBXResourcesBuildPhase;
			buildActionMask = 2147483647;
			files = (
			);
			runOnlyForDeploymentPostprocessing = 0;
		};
/* End PBXResourcesBuildPhase section */

/* Begin PBXSourcesBuildPhase section */
		7FFBAF32219DD3C200F0FCB8 /* Sources */ = {
			isa = PBXSourcesBuildPhase;
			buildActionMask = 2147483647;
			files = (
				7FFBAF42219DD3C200F0FCB8 /* iRoverShots.xcdatamodeld in Sources */,
				7FFBAF70219DD47E00F0FCB8 /* NasaApi.swift in Sources */,
				7FFBAF7B219DD62D00F0FCB8 /* AboutPhotoViewController.swift in Sources */,
				7FFBAF75219DD56800F0FCB8 /* Rover.swift in Sources */,
				7FFBAF79219DD5D700F0FCB8 /* RoverEyesViewController.swift in Sources */,
				7FFBAF3C219DD3C200F0FCB8 /* ViewController.swift in Sources */,
				7FFBAF3A219DD3C200F0FCB8 /* AppDelegate.swift in Sources */,
				7FFBAF77219DD58200F0FCB8 /* Camera.swift in Sources */,
				7FFBAF73219DD55100F0FCB8 /* Photo.swift in Sources */,
			);
			runOnlyForDeploymentPostprocessing = 0;
		};
		7FFBAF49219DD3C700F0FCB8 /* Sources */ = {
			isa = PBXSourcesBuildPhase;
			buildActionMask = 2147483647;
			files = (
				7FFBAF52219DD3C700F0FCB8 /* iRoverShotsTests.swift in Sources */,
			);
			runOnlyForDeploymentPostprocessing = 0;
		};
		7FFBAF54219DD3C700F0FCB8 /* Sources */ = {
			isa = PBXSourcesBuildPhase;
			buildActionMask = 2147483647;
			files = (
				7FFBAF5D219DD3C700F0FCB8 /* iRoverShotsUITests.swift in Sources */,
			);
			runOnlyForDeploymentPostprocessing = 0;
		};
/* End PBXSourcesBuildPhase section */

/* Begin PBXTargetDependency section */
		7FFBAF4F219DD3C700F0FCB8 /* PBXTargetDependency */ = {
			isa = PBXTargetDependency;
			target = 7FFBAF35219DD3C200F0FCB8 /* iRoverShots */;
			targetProxy = 7FFBAF4E219DD3C700F0FCB8 /* PBXContainerItemProxy */;
		};
		7FFBAF5A219DD3C700F0FCB8 /* PBXTargetDependency */ = {
			isa = PBXTargetDependency;
			target = 7FFBAF35219DD3C200F0FCB8 /* iRoverShots */;
			targetProxy = 7FFBAF59219DD3C700F0FCB8 /* PBXContainerItemProxy */;
		};
		7FFBAFCD219DD7AE00F0FCB8 /* PBXTargetDependency */ = {
			isa = PBXTargetDependency;
			name = "SwiftyJSON iOS";
			targetProxy = 7FFBAFCC219DD7AE00F0FCB8 /* PBXContainerItemProxy */;
		};
		7FFBAFD1219DD7AE00F0FCB8 /* PBXTargetDependency */ = {
			isa = PBXTargetDependency;
			name = "AlamofireImage iOS";
			targetProxy = 7FFBAFD0219DD7AE00F0FCB8 /* PBXContainerItemProxy */;
		};
		7FFBAFD5219DD7AE00F0FCB8 /* PBXTargetDependency */ = {
			isa = PBXTargetDependency;
			name = "Alamofire iOS";
			targetProxy = 7FFBAFD4219DD7AE00F0FCB8 /* PBXContainerItemProxy */;
		};
/* End PBXTargetDependency section */

/* Begin PBXVariantGroup section */
		7FFBAF3D219DD3C200F0FCB8 /* Main.storyboard */ = {
			isa = PBXVariantGroup;
			children = (
				7FFBAF3E219DD3C200F0FCB8 /* Base */,
			);
			name = Main.storyboard;
			sourceTree = "<group>";
		};
		7FFBAF45219DD3C600F0FCB8 /* LaunchScreen.storyboard */ = {
			isa = PBXVariantGroup;
			children = (
				7FFBAF46219DD3C600F0FCB8 /* Base */,
			);
			name = LaunchScreen.storyboard;
			sourceTree = "<group>";
		};
/* End PBXVariantGroup section */

/* Begin XCBuildConfiguration section */
		7FFBAF5F219DD3C700F0FCB8 /* Debug */ = {
			isa = XCBuildConfiguration;
			buildSettings = {
				ALWAYS_SEARCH_USER_PATHS = NO;
				CLANG_ANALYZER_NONNULL = YES;
				CLANG_ANALYZER_NUMBER_OBJECT_CONVERSION = YES_AGGRESSIVE;
				CLANG_CXX_LANGUAGE_STANDARD = "gnu++14";
				CLANG_CXX_LIBRARY = "libc++";
				CLANG_ENABLE_MODULES = YES;
				CLANG_ENABLE_OBJC_ARC = YES;
				CLANG_ENABLE_OBJC_WEAK = YES;
				CLANG_WARN_BLOCK_CAPTURE_AUTORELEASING = YES;
				CLANG_WARN_BOOL_CONVERSION = YES;
				CLANG_WARN_COMMA = YES;
				CLANG_WARN_CONSTANT_CONVERSION = YES;
				CLANG_WARN_DEPRECATED_OBJC_IMPLEMENTATIONS = YES;
				CLANG_WARN_DIRECT_OBJC_ISA_USAGE = YES_ERROR;
				CLANG_WARN_DOCUMENTATION_COMMENTS = YES;
				CLANG_WARN_EMPTY_BODY = YES;
				CLANG_WARN_ENUM_CONVERSION = YES;
				CLANG_WARN_INFINITE_RECURSION = YES;
				CLANG_WARN_INT_CONVERSION = YES;
				CLANG_WARN_NON_LITERAL_NULL_CONVERSION = YES;
				CLANG_WARN_OBJC_IMPLICIT_RETAIN_SELF = YES;
				CLANG_WARN_OBJC_LITERAL_CONVERSION = YES;
				CLANG_WARN_OBJC_ROOT_CLASS = YES_ERROR;
				CLANG_WARN_RANGE_LOOP_ANALYSIS = YES;
				CLANG_WARN_STRICT_PROTOTYPES = YES;
				CLANG_WARN_SUSPICIOUS_MOVE = YES;
				CLANG_WARN_UNGUARDED_AVAILABILITY = YES_AGGRESSIVE;
				CLANG_WARN_UNREACHABLE_CODE = YES;
				CLANG_WARN__DUPLICATE_METHOD_MATCH = YES;
				CODE_SIGN_IDENTITY = "iPhone Developer";
				COPY_PHASE_STRIP = NO;
				DEBUG_INFORMATION_FORMAT = dwarf;
				ENABLE_STRICT_OBJC_MSGSEND = YES;
				ENABLE_TESTABILITY = YES;
				GCC_C_LANGUAGE_STANDARD = gnu11;
				GCC_DYNAMIC_NO_PIC = NO;
				GCC_NO_COMMON_BLOCKS = YES;
				GCC_OPTIMIZATION_LEVEL = 0;
				GCC_PREPROCESSOR_DEFINITIONS = (
					"DEBUG=1",
					"$(inherited)",
				);
				GCC_WARN_64_TO_32_BIT_CONVERSION = YES;
				GCC_WARN_ABOUT_RETURN_TYPE = YES_ERROR;
				GCC_WARN_UNDECLARED_SELECTOR = YES;
				GCC_WARN_UNINITIALIZED_AUTOS = YES_AGGRESSIVE;
				GCC_WARN_UNUSED_FUNCTION = YES;
				GCC_WARN_UNUSED_VARIABLE = YES;
				IPHONEOS_DEPLOYMENT_TARGET = 12.1;
				MTL_ENABLE_DEBUG_INFO = INCLUDE_SOURCE;
				MTL_FAST_MATH = YES;
				ONLY_ACTIVE_ARCH = YES;
				SDKROOT = iphoneos;
				SWIFT_ACTIVE_COMPILATION_CONDITIONS = DEBUG;
				SWIFT_OPTIMIZATION_LEVEL = "-Onone";
			};
			name = Debug;
		};
		7FFBAF60219DD3C700F0FCB8 /* Release */ = {
			isa = XCBuildConfiguration;
			buildSettings = {
				ALWAYS_SEARCH_USER_PATHS = NO;
				CLANG_ANALYZER_NONNULL = YES;
				CLANG_ANALYZER_NUMBER_OBJECT_CONVERSION = YES_AGGRESSIVE;
				CLANG_CXX_LANGUAGE_STANDARD = "gnu++14";
				CLANG_CXX_LIBRARY = "libc++";
				CLANG_ENABLE_MODULES = YES;
				CLANG_ENABLE_OBJC_ARC = YES;
				CLANG_ENABLE_OBJC_WEAK = YES;
				CLANG_WARN_BLOCK_CAPTURE_AUTORELEASING = YES;
				CLANG_WARN_BOOL_CONVERSION = YES;
				CLANG_WARN_COMMA = YES;
				CLANG_WARN_CONSTANT_CONVERSION = YES;
				CLANG_WARN_DEPRECATED_OBJC_IMPLEMENTATIONS = YES;
				CLANG_WARN_DIRECT_OBJC_ISA_USAGE = YES_ERROR;
				CLANG_WARN_DOCUMENTATION_COMMENTS = YES;
				CLANG_WARN_EMPTY_BODY = YES;
				CLANG_WARN_ENUM_CONVERSION = YES;
				CLANG_WARN_INFINITE_RECURSION = YES;
				CLANG_WARN_INT_CONVERSION = YES;
				CLANG_WARN_NON_LITERAL_NULL_CONVERSION = YES;
				CLANG_WARN_OBJC_IMPLICIT_RETAIN_SELF = YES;
				CLANG_WARN_OBJC_LITERAL_CONVERSION = YES;
				CLANG_WARN_OBJC_ROOT_CLASS = YES_ERROR;
				CLANG_WARN_RANGE_LOOP_ANALYSIS = YES;
				CLANG_WARN_STRICT_PROTOTYPES = YES;
				CLANG_WARN_SUSPICIOUS_MOVE = YES;
				CLANG_WARN_UNGUARDED_AVAILABILITY = YES_AGGRESSIVE;
				CLANG_WARN_UNREACHABLE_CODE = YES;
				CLANG_WARN__DUPLICATE_METHOD_MATCH = YES;
				CODE_SIGN_IDENTITY = "iPhone Developer";
				COPY_PHASE_STRIP = NO;
				DEBUG_INFORMATION_FORMAT = "dwarf-with-dsym";
				ENABLE_NS_ASSERTIONS = NO;
				ENABLE_STRICT_OBJC_MSGSEND = YES;
				GCC_C_LANGUAGE_STANDARD = gnu11;
				GCC_NO_COMMON_BLOCKS = YES;
				GCC_WARN_64_TO_32_BIT_CONVERSION = YES;
				GCC_WARN_ABOUT_RETURN_TYPE = YES_ERROR;
				GCC_WARN_UNDECLARED_SELECTOR = YES;
				GCC_WARN_UNINITIALIZED_AUTOS = YES_AGGRESSIVE;
				GCC_WARN_UNUSED_FUNCTION = YES;
				GCC_WARN_UNUSED_VARIABLE = YES;
				IPHONEOS_DEPLOYMENT_TARGET = 12.1;
				MTL_ENABLE_DEBUG_INFO = NO;
				MTL_FAST_MATH = YES;
				SDKROOT = iphoneos;
				SWIFT_COMPILATION_MODE = wholemodule;
				SWIFT_OPTIMIZATION_LEVEL = "-O";
				VALIDATE_PRODUCT = YES;
			};
			name = Release;
		};
		7FFBAF62219DD3C700F0FCB8 /* Debug */ = {
			isa = XCBuildConfiguration;
			buildSettings = {
				ALWAYS_EMBED_SWIFT_STANDARD_LIBRARIES = YES;
				ASSETCATALOG_COMPILER_APPICON_NAME = AppIcon;
				CODE_SIGN_STYLE = Automatic;
				DEVELOPMENT_TEAM = LBQKN3WJ4J;
				INFOPLIST_FILE = iRoverShots/Info.plist;
				LD_RUNPATH_SEARCH_PATHS = (
					"$(inherited)",
					"@executable_path/Frameworks",
				);
				PRODUCT_BUNDLE_IDENTIFIER = com.upc.pe.iRoverShots;
				PRODUCT_NAME = "$(TARGET_NAME)";
				SWIFT_VERSION = 4.2;
				TARGETED_DEVICE_FAMILY = "1,2";
			};
			name = Debug;
		};
		7FFBAF63219DD3C700F0FCB8 /* Release */ = {
			isa = XCBuildConfiguration;
			buildSettings = {
				ALWAYS_EMBED_SWIFT_STANDARD_LIBRARIES = YES;
				ASSETCATALOG_COMPILER_APPICON_NAME = AppIcon;
				CODE_SIGN_STYLE = Automatic;
				DEVELOPMENT_TEAM = LBQKN3WJ4J;
				INFOPLIST_FILE = iRoverShots/Info.plist;
				LD_RUNPATH_SEARCH_PATHS = (
					"$(inherited)",
					"@executable_path/Frameworks",
				);
				PRODUCT_BUNDLE_IDENTIFIER = com.upc.pe.iRoverShots;
				PRODUCT_NAME = "$(TARGET_NAME)";
				SWIFT_VERSION = 4.2;
				TARGETED_DEVICE_FAMILY = "1,2";
			};
			name = Release;
		};
		7FFBAF65219DD3C700F0FCB8 /* Debug */ = {
			isa = XCBuildConfiguration;
			buildSettings = {
				ALWAYS_EMBED_SWIFT_STANDARD_LIBRARIES = YES;
				BUNDLE_LOADER = "$(TEST_HOST)";
				CODE_SIGN_STYLE = Automatic;
				DEVELOPMENT_TEAM = LBQKN3WJ4J;
				INFOPLIST_FILE = iRoverShotsTests/Info.plist;
				LD_RUNPATH_SEARCH_PATHS = (
					"$(inherited)",
					"@executable_path/Frameworks",
					"@loader_path/Frameworks",
				);
				PRODUCT_BUNDLE_IDENTIFIER = com.upc.pe.iRoverShotsTests;
				PRODUCT_NAME = "$(TARGET_NAME)";
				SWIFT_VERSION = 4.2;
				TARGETED_DEVICE_FAMILY = "1,2";
				TEST_HOST = "$(BUILT_PRODUCTS_DIR)/iRoverShots.app/iRoverShots";
			};
			name = Debug;
		};
		7FFBAF66219DD3C700F0FCB8 /* Release */ = {
			isa = XCBuildConfiguration;
			buildSettings = {
				ALWAYS_EMBED_SWIFT_STANDARD_LIBRARIES = YES;
				BUNDLE_LOADER = "$(TEST_HOST)";
				CODE_SIGN_STYLE = Automatic;
				DEVELOPMENT_TEAM = LBQKN3WJ4J;
				INFOPLIST_FILE = iRoverShotsTests/Info.plist;
				LD_RUNPATH_SEARCH_PATHS = (
					"$(inherited)",
					"@executable_path/Frameworks",
					"@loader_path/Frameworks",
				);
				PRODUCT_BUNDLE_IDENTIFIER = com.upc.pe.iRoverShotsTests;
				PRODUCT_NAME = "$(TARGET_NAME)";
				SWIFT_VERSION = 4.2;
				TARGETED_DEVICE_FAMILY = "1,2";
				TEST_HOST = "$(BUILT_PRODUCTS_DIR)/iRoverShots.app/iRoverShots";
			};
			name = Release;
		};
		7FFBAF68219DD3C700F0FCB8 /* Debug */ = {
			isa = XCBuildConfiguration;
			buildSettings = {
				ALWAYS_EMBED_SWIFT_STANDARD_LIBRARIES = YES;
				CODE_SIGN_STYLE = Automatic;
				DEVELOPMENT_TEAM = LBQKN3WJ4J;
				INFOPLIST_FILE = iRoverShotsUITests/Info.plist;
				LD_RUNPATH_SEARCH_PATHS = (
					"$(inherited)",
					"@executable_path/Frameworks",
					"@loader_path/Frameworks",
				);
				PRODUCT_BUNDLE_IDENTIFIER = com.upc.pe.iRoverShotsUITests;
				PRODUCT_NAME = "$(TARGET_NAME)";
				SWIFT_VERSION = 4.2;
				TARGETED_DEVICE_FAMILY = "1,2";
				TEST_TARGET_NAME = iRoverShots;
			};
			name = Debug;
		};
		7FFBAF69219DD3C700F0FCB8 /* Release */ = {
			isa = XCBuildConfiguration;
			buildSettings = {
				ALWAYS_EMBED_SWIFT_STANDARD_LIBRARIES = YES;
				CODE_SIGN_STYLE = Automatic;
				DEVELOPMENT_TEAM = LBQKN3WJ4J;
				INFOPLIST_FILE = iRoverShotsUITests/Info.plist;
				LD_RUNPATH_SEARCH_PATHS = (
					"$(inherited)",
					"@executable_path/Frameworks",
					"@loader_path/Frameworks",
				);
				PRODUCT_BUNDLE_IDENTIFIER = com.upc.pe.iRoverShotsUITests;
				PRODUCT_NAME = "$(TARGET_NAME)";
				SWIFT_VERSION = 4.2;
				TARGETED_DEVICE_FAMILY = "1,2";
				TEST_TARGET_NAME = iRoverShots;
			};
			name = Release;
		};
/* End XCBuildConfiguration section */

/* Begin XCConfigurationList section */
		7FFBAF31219DD3C200F0FCB8 /* Build configuration list for PBXProject "iRoverShots" */ = {
			isa = XCConfigurationList;
			buildConfigurations = (
				7FFBAF5F219DD3C700F0FCB8 /* Debug */,
				7FFBAF60219DD3C700F0FCB8 /* Release */,
			);
			defaultConfigurationIsVisible = 0;
			defaultConfigurationName = Release;
		};
		7FFBAF61219DD3C700F0FCB8 /* Build configuration list for PBXNativeTarget "iRoverShots" */ = {
			isa = XCConfigurationList;
			buildConfigurations = (
				7FFBAF62219DD3C700F0FCB8 /* Debug */,
				7FFBAF63219DD3C700F0FCB8 /* Release */,
			);
			defaultConfigurationIsVisible = 0;
			defaultConfigurationName = Release;
		};
		7FFBAF64219DD3C700F0FCB8 /* Build configuration list for PBXNativeTarget "iRoverShotsTests" */ = {
			isa = XCConfigurationList;
			buildConfigurations = (
				7FFBAF65219DD3C700F0FCB8 /* Debug */,
				7FFBAF66219DD3C700F0FCB8 /* Release */,
			);
			defaultConfigurationIsVisible = 0;
			defaultConfigurationName = Release;
		};
		7FFBAF67219DD3C700F0FCB8 /* Build configuration list for PBXNativeTarget "iRoverShotsUITests" */ = {
			isa = XCConfigurationList;
			buildConfigurations = (
				7FFBAF68219DD3C700F0FCB8 /* Debug */,
				7FFBAF69219DD3C700F0FCB8 /* Release */,
			);
			defaultConfigurationIsVisible = 0;
			defaultConfigurationName = Release;
		};
/* End XCConfigurationList section */

/* Begin XCVersionGroup section */
		7FFBAF40219DD3C200F0FCB8 /* iRoverShots.xcdatamodeld */ = {
			isa = XCVersionGroup;
			children = (
				7FFBAF41219DD3C200F0FCB8 /* iRoverShots.xcdatamodel */,
			);
			currentVersion = 7FFBAF41219DD3C200F0FCB8 /* iRoverShots.xcdatamodel */;
			path = iRoverShots.xcdatamodeld;
			sourceTree = "<group>";
			versionGroupType = wrapper.xcdatamodel;
		};
/* End XCVersionGroup section */
	};
	rootObject = 7FFBAF2E219DD3C200F0FCB8 /* Project object */;
}
